
Microsoft Visual Studio Solution File, Format Version 12.00
# Visual Studio Version 17
VisualStudioVersion = 17.3.32819.101
MinimumVisualStudioVersion = 10.0.40219.1
Project("{FAE04EC0-301F-11D3-BF4B-00C04F79EFBC}") = "IntroduccionABootstrapUdemy", "IntroduccionABootstrapUdemy\IntroduccionABootstrapUdemy.csproj", "{9CE6FC6D-9CF4-4E25-A5D1-41B6DA228399}"
EndProject
Global
	GlobalSection(SolutionConfigurationPlatforms) = preSolution
		Debug|Any CPU = Debug|Any CPU
		Release|Any CPU = Release|Any CPU
	EndGlobalSection
	GlobalSection(ProjectConfigurationPlatforms) = postSolution
		{9CE6FC6D-9CF4-4E25-A5D1-41B6DA228399}.Debug|Any CPU.ActiveCfg = Debug|Any CPU
		{9CE6FC6D-9CF4-4E25-A5D1-41B6DA228399}.Debug|Any CPU.Build.0 = Debug|Any CPU
		{9CE6FC6D-9CF4-4E25-A5D1-41B6DA228399}.Release|Any CPU.ActiveCfg = Release|Any CPU
		{9CE6FC6D-9CF4-4E25-A5D1-41B6DA228399}.Release|Any CPU.Build.0 = Release|Any CPU
	EndGlobalSection
	GlobalSection(SolutionProperties) = preSolution
		HideSolutionNode = FALSE
	EndGlobalSection
	GlobalSection(ExtensibilityGlobals) = postSolution
		SolutionGuid = {F07C7D00-A6DC-4288-A9B8-6B3D732B5B0F}
	EndGlobalSection
EndGlobal
