
Microsoft Visual Studio Solution File, Format Version 12.00
# Visual Studio Version 17
VisualStudioVersion = 17.4.33006.217
MinimumVisualStudioVersion = 10.0.40219.1
Project("{FAE04EC0-301F-11D3-BF4B-00C04F79EFBC}") = "TareasMVC", "TareasMVC\TareasMVC.csproj", "{2ACEF246-0E6B-40CA-AF4D-DDCCF85580BD}"
EndProject
Global
	GlobalSection(SolutionConfigurationPlatforms) = preSolution
		Debug|Any CPU = Debug|Any CPU
		Release|Any CPU = Release|Any CPU
	EndGlobalSection
	GlobalSection(ProjectConfigurationPlatforms) = postSolution
		{2ACEF246-0E6B-40CA-AF4D-DDCCF85580BD}.Debug|Any CPU.ActiveCfg = Debug|Any CPU
		{2ACEF246-0E6B-40CA-AF4D-DDCCF85580BD}.Debug|Any CPU.Build.0 = Debug|Any CPU
		{2ACEF246-0E6B-40CA-AF4D-DDCCF85580BD}.Release|Any CPU.ActiveCfg = Release|Any CPU
		{2ACEF246-0E6B-40CA-AF4D-DDCCF85580BD}.Release|Any CPU.Build.0 = Release|Any CPU
	EndGlobalSection
	GlobalSection(SolutionProperties) = preSolution
		HideSolutionNode = FALSE
	EndGlobalSection
	GlobalSection(ExtensibilityGlobals) = postSolution
		SolutionGuid = {12A973AD-0CB5-4607-A190-E79B0D5C2D3C}
	EndGlobalSection
EndGlobal
